
Microsoft Visual Studio Solution File, Format Version 12.00
# Visual Studio Version 17
VisualStudioVersion = 17.5.002.0
MinimumVisualStudioVersion = 10.0.40219.1
Project("{9A19103F-16F7-4668-BE54-9A1E7A4F7556}") = "orch.common", "orch.common\orch.common.csproj", "{1524E178-5661-458B-8E20-3BF02D31A759}"
EndProject
Project("{9A19103F-16F7-4668-BE54-9A1E7A4F7556}") = "orch.console", "orch.console\orch.console.csproj", "{0214A9A9-B6F5-41D0-A02A-131DE159310B}"
EndProject
Project("{9A19103F-16F7-4668-BE54-9A1E7A4F7556}") = "orch.content", "orch.content\orch.content.csproj", "{8FDFA81E-42F4-477C-B8F1-99CDF8B95409}"
EndProject
Project("{9A19103F-16F7-4668-BE54-9A1E7A4F7556}") = "orch.core", "orch.core\orch.core.csproj", "{EA2366FF-3890-41B2-9284-D6F4AC77C0AF}"
EndProject
Project("{9A19103F-16F7-4668-BE54-9A1E7A4F7556}") = "orch.core.ef", "orch.core.ef\orch.core.ef.csproj", "{8597A3A5-52BD-4965-9850-979B583623BF}"
EndProject
Project("{9A19103F-16F7-4668-BE54-9A1E7A4F7556}") = "orch.core.report", "orch.core.report\orch.core.report.csproj", "{0740F35B-AF1A-458F-B34A-7CB1367A3AF8}"
EndProject
Project("{9A19103F-16F7-4668-BE54-9A1E7A4F7556}") = "orch.core.swagger", "orch.core.swagger\orch.core.swagger.csproj", "{07EE3C2D-AE68-4E6C-B6F0-0C2809BCA67E}"
EndProject
Project("{9A19103F-16F7-4668-BE54-9A1E7A4F7556}") = "orch.core.tenant", "orch.core.tenant\orch.core.tenant.csproj", "{B9E573F6-52F9-4B1C-8117-08241CF07E28}"
EndProject
Project("{9A19103F-16F7-4668-BE54-9A1E7A4F7556}") = "orch.utils.web", "orch.utils.web\orch.utils.web.csproj", "{5A425129-89A9-40E3-9612-C6858E9DBDF2}"
EndProject
Project("{9A19103F-16F7-4668-BE54-9A1E7A4F7556}") = "orch.wf", "orch.wf\orch.wf.csproj", "{36E3680E-7B33-40EC-AABA-8F71556DBBDD}"
EndProject
Project("{2150E333-8FDC-42A3-9474-1A3956D46DE8}") = "funscript", "funscript", "{42D1CF2B-C726-4E40-B12E-868A5D0FC950}"
EndProject
Project("{9A19103F-16F7-4668-BE54-9A1E7A4F7556}") = "funcscript", "..\function-script\funcscript\funcscript.csproj", "{9E13723E-7E30-4A8D-A689-BF6351CEEB18}"
EndProject
Project("{9A19103F-16F7-4668-BE54-9A1E7A4F7556}") = "funcscript.sql", "..\function-script\funcscript.sql\funcscript.sql.csproj", "{1120C492-376B-4A26-8BDA-2272CF78370B}"
EndProject
Global
	GlobalSection(SolutionConfigurationPlatforms) = preSolution
		Debug|Any CPU = Debug|Any CPU
		Release|Any CPU = Release|Any CPU
	EndGlobalSection
	GlobalSection(ProjectConfigurationPlatforms) = postSolution
		{1524E178-5661-458B-8E20-3BF02D31A759}.Debug|Any CPU.ActiveCfg = Debug|Any CPU
		{1524E178-5661-458B-8E20-3BF02D31A759}.Debug|Any CPU.Build.0 = Debug|Any CPU
		{1524E178-5661-458B-8E20-3BF02D31A759}.Release|Any CPU.ActiveCfg = Release|Any CPU
		{1524E178-5661-458B-8E20-3BF02D31A759}.Release|Any CPU.Build.0 = Release|Any CPU
		{0214A9A9-B6F5-41D0-A02A-131DE159310B}.Debug|Any CPU.ActiveCfg = Debug|Any CPU
		{0214A9A9-B6F5-41D0-A02A-131DE159310B}.Debug|Any CPU.Build.0 = Debug|Any CPU
		{0214A9A9-B6F5-41D0-A02A-131DE159310B}.Release|Any CPU.ActiveCfg = Release|Any CPU
		{0214A9A9-B6F5-41D0-A02A-131DE159310B}.Release|Any CPU.Build.0 = Release|Any CPU
		{8FDFA81E-42F4-477C-B8F1-99CDF8B95409}.Debug|Any CPU.ActiveCfg = Debug|Any CPU
		{8FDFA81E-42F4-477C-B8F1-99CDF8B95409}.Debug|Any CPU.Build.0 = Debug|Any CPU
		{8FDFA81E-42F4-477C-B8F1-99CDF8B95409}.Release|Any CPU.ActiveCfg = Release|Any CPU
		{8FDFA81E-42F4-477C-B8F1-99CDF8B95409}.Release|Any CPU.Build.0 = Release|Any CPU
		{EA2366FF-3890-41B2-9284-D6F4AC77C0AF}.Debug|Any CPU.ActiveCfg = Debug|Any CPU
		{EA2366FF-3890-41B2-9284-D6F4AC77C0AF}.Debug|Any CPU.Build.0 = Debug|Any CPU
		{EA2366FF-3890-41B2-9284-D6F4AC77C0AF}.Release|Any CPU.ActiveCfg = Release|Any CPU
		{EA2366FF-3890-41B2-9284-D6F4AC77C0AF}.Release|Any CPU.Build.0 = Release|Any CPU
		{8597A3A5-52BD-4965-9850-979B583623BF}.Debug|Any CPU.ActiveCfg = Debug|Any CPU
		{8597A3A5-52BD-4965-9850-979B583623BF}.Debug|Any CPU.Build.0 = Debug|Any CPU
		{8597A3A5-52BD-4965-9850-979B583623BF}.Release|Any CPU.ActiveCfg = Release|Any CPU
		{8597A3A5-52BD-4965-9850-979B583623BF}.Release|Any CPU.Build.0 = Release|Any CPU
		{0740F35B-AF1A-458F-B34A-7CB1367A3AF8}.Debug|Any CPU.ActiveCfg = Debug|Any CPU
		{0740F35B-AF1A-458F-B34A-7CB1367A3AF8}.Debug|Any CPU.Build.0 = Debug|Any CPU
		{0740F35B-AF1A-458F-B34A-7CB1367A3AF8}.Release|Any CPU.ActiveCfg = Release|Any CPU
		{0740F35B-AF1A-458F-B34A-7CB1367A3AF8}.Release|Any CPU.Build.0 = Release|Any CPU
		{07EE3C2D-AE68-4E6C-B6F0-0C2809BCA67E}.Debug|Any CPU.ActiveCfg = Debug|Any CPU
		{07EE3C2D-AE68-4E6C-B6F0-0C2809BCA67E}.Debug|Any CPU.Build.0 = Debug|Any CPU
		{07EE3C2D-AE68-4E6C-B6F0-0C2809BCA67E}.Release|Any CPU.ActiveCfg = Release|Any CPU
		{07EE3C2D-AE68-4E6C-B6F0-0C2809BCA67E}.Release|Any CPU.Build.0 = Release|Any CPU
		{B9E573F6-52F9-4B1C-8117-08241CF07E28}.Debug|Any CPU.ActiveCfg = Debug|Any CPU
		{B9E573F6-52F9-4B1C-8117-08241CF07E28}.Debug|Any CPU.Build.0 = Debug|Any CPU
		{B9E573F6-52F9-4B1C-8117-08241CF07E28}.Release|Any CPU.ActiveCfg = Release|Any CPU
		{B9E573F6-52F9-4B1C-8117-08241CF07E28}.Release|Any CPU.Build.0 = Release|Any CPU
		{5A425129-89A9-40E3-9612-C6858E9DBDF2}.Debug|Any CPU.ActiveCfg = Debug|Any CPU
		{5A425129-89A9-40E3-9612-C6858E9DBDF2}.Debug|Any CPU.Build.0 = Debug|Any CPU
		{5A425129-89A9-40E3-9612-C6858E9DBDF2}.Release|Any CPU.ActiveCfg = Release|Any CPU
		{5A425129-89A9-40E3-9612-C6858E9DBDF2}.Release|Any CPU.Build.0 = Release|Any CPU
		{36E3680E-7B33-40EC-AABA-8F71556DBBDD}.Debug|Any CPU.ActiveCfg = Debug|Any CPU
		{36E3680E-7B33-40EC-AABA-8F71556DBBDD}.Debug|Any CPU.Build.0 = Debug|Any CPU
		{36E3680E-7B33-40EC-AABA-8F71556DBBDD}.Release|Any CPU.ActiveCfg = Release|Any CPU
		{36E3680E-7B33-40EC-AABA-8F71556DBBDD}.Release|Any CPU.Build.0 = Release|Any CPU
		{9E13723E-7E30-4A8D-A689-BF6351CEEB18}.Debug|Any CPU.ActiveCfg = Debug|Any CPU
		{9E13723E-7E30-4A8D-A689-BF6351CEEB18}.Debug|Any CPU.Build.0 = Debug|Any CPU
		{9E13723E-7E30-4A8D-A689-BF6351CEEB18}.Release|Any CPU.ActiveCfg = Release|Any CPU
		{9E13723E-7E30-4A8D-A689-BF6351CEEB18}.Release|Any CPU.Build.0 = Release|Any CPU
		{1120C492-376B-4A26-8BDA-2272CF78370B}.Debug|Any CPU.ActiveCfg = Debug|Any CPU
		{1120C492-376B-4A26-8BDA-2272CF78370B}.Debug|Any CPU.Build.0 = Debug|Any CPU
		{1120C492-376B-4A26-8BDA-2272CF78370B}.Release|Any CPU.ActiveCfg = Release|Any CPU
		{1120C492-376B-4A26-8BDA-2272CF78370B}.Release|Any CPU.Build.0 = Release|Any CPU
	EndGlobalSection
	GlobalSection(SolutionProperties) = preSolution
		HideSolutionNode = FALSE
	EndGlobalSection
	GlobalSection(NestedProjects) = preSolution
		{9E13723E-7E30-4A8D-A689-BF6351CEEB18} = {42D1CF2B-C726-4E40-B12E-868A5D0FC950}
		{1120C492-376B-4A26-8BDA-2272CF78370B} = {42D1CF2B-C726-4E40-B12E-868A5D0FC950}
	EndGlobalSection
	GlobalSection(ExtensibilityGlobals) = postSolution
		SolutionGuid = {EE5C6200-9EA8-4400-B5C0-F2FEA8491854}
	EndGlobalSection
EndGlobal
